
Microsoft Visual Studio Solution File, Format Version 12.00
# Visual Studio Version 17
VisualStudioVersion = 17.14.36203.30 d17.14
MinimumVisualStudioVersion = 10.0.40219.1
Project("{FAE04EC0-301F-11D3-BF4B-00C04F79EFBC}") = "CulinaryBook", "CulinaryBook\CulinaryBook.csproj", "{922289DB-A75F-47A5-AD1B-B41547A7AA28}"
EndProject
Global
	GlobalSection(SolutionConfigurationPlatforms) = preSolution
		Debug|Any CPU = Debug|Any CPU
		Release|Any CPU = Release|Any CPU
	EndGlobalSection
	GlobalSection(ProjectConfigurationPlatforms) = postSolution
		{922289DB-A75F-47A5-AD1B-B41547A7AA28}.Debug|Any CPU.ActiveCfg = Debug|Any CPU
		{922289DB-A75F-47A5-AD1B-B41547A7AA28}.Debug|Any CPU.Build.0 = Debug|Any CPU
		{922289DB-A75F-47A5-AD1B-B41547A7AA28}.Release|Any CPU.ActiveCfg = Release|Any CPU
		{922289DB-A75F-47A5-AD1B-B41547A7AA28}.Release|Any CPU.Build.0 = Release|Any CPU
	EndGlobalSection
	GlobalSection(SolutionProperties) = preSolution
		HideSolutionNode = FALSE
	EndGlobalSection
	GlobalSection(ExtensibilityGlobals) = postSolution
		SolutionGuid = {54138BE8-3B00-495B-8736-69303C014C29}
	EndGlobalSection
EndGlobal
